
Microsoft Visual Studio Solution File, Format Version 12.00
# Visual Studio Version 17
VisualStudioVersion = 17.2.32505.173
MinimumVisualStudioVersion = 10.0.40219.1
Project("{FAE04EC0-301F-11D3-BF4B-00C04F79EFBC}") = "VisaIncentives.App", "VisaIncentives.App\VisaIncentives.App.csproj", "{1CDC37E1-9A82-4F00-9B11-25DC0EAF18C4}"
EndProject
Global
	GlobalSection(SolutionConfigurationPlatforms) = preSolution
		Debug|Any CPU = Debug|Any CPU
		Release|Any CPU = Release|Any CPU
	EndGlobalSection
	GlobalSection(ProjectConfigurationPlatforms) = postSolution
		{1CDC37E1-9A82-4F00-9B11-25DC0EAF18C4}.Debug|Any CPU.ActiveCfg = Debug|Any CPU
		{1CDC37E1-9A82-4F00-9B11-25DC0EAF18C4}.Debug|Any CPU.Build.0 = Debug|Any CPU
		{1CDC37E1-9A82-4F00-9B11-25DC0EAF18C4}.Release|Any CPU.ActiveCfg = Release|Any CPU
		{1CDC37E1-9A82-4F00-9B11-25DC0EAF18C4}.Release|Any CPU.Build.0 = Release|Any CPU
	EndGlobalSection
	GlobalSection(SolutionProperties) = preSolution
		HideSolutionNode = FALSE
	EndGlobalSection
	GlobalSection(ExtensibilityGlobals) = postSolution
		SolutionGuid = {35092012-662E-4FF9-8073-13CBC9592224}
	EndGlobalSection
EndGlobal
